
Microsoft Visual Studio Solution File, Format Version 12.00
# Visual Studio 15
VisualStudioVersion = 15.0.28307.421
MinimumVisualStudioVersion = 10.0.40219.1
Project("{FAE04EC0-301F-11D3-BF4B-00C04F79EFBC}") = "SignalRTest", "SignalRTest\SignalRTest.csproj", "{951EAD4C-EB56-4D44-9003-3874D93A8854}"
EndProject
Global
	GlobalSection(SolutionConfigurationPlatforms) = preSolution
		Debug|Any CPU = Debug|Any CPU
		Release|Any CPU = Release|Any CPU
	EndGlobalSection
	GlobalSection(ProjectConfigurationPlatforms) = postSolution
		{951EAD4C-EB56-4D44-9003-3874D93A8854}.Debug|Any CPU.ActiveCfg = Debug|Any CPU
		{951EAD4C-EB56-4D44-9003-3874D93A8854}.Debug|Any CPU.Build.0 = Debug|Any CPU
		{951EAD4C-EB56-4D44-9003-3874D93A8854}.Release|Any CPU.ActiveCfg = Release|Any CPU
		{951EAD4C-EB56-4D44-9003-3874D93A8854}.Release|Any CPU.Build.0 = Release|Any CPU
	EndGlobalSection
	GlobalSection(SolutionProperties) = preSolution
		HideSolutionNode = FALSE
	EndGlobalSection
	GlobalSection(ExtensibilityGlobals) = postSolution
		SolutionGuid = {7CCE1DB7-4DE4-4C73-96C1-AFB59F2BD39D}
	EndGlobalSection
EndGlobal
